// !$*UTF8*$!
{
	archiveVersion = 1;
	classes = {
	};
	objectVersion = 50;
	objects = {

/* Begin PBXBuildFile section */
		58247AD12315B085003E2E12 /* AppDelegate.swift in Sources */ = {isa = PBXBuildFile; fileRef = 58247AD02315B085003E2E12 /* AppDelegate.swift */; };
		58247AD32315B085003E2E12 /* ViewController.swift in Sources */ = {isa = PBXBuildFile; fileRef = 58247AD22315B085003E2E12 /* ViewController.swift */; };
		58247AD62315B085003E2E12 /* Main.storyboard in Resources */ = {isa = PBXBuildFile; fileRef = 58247AD42315B085003E2E12 /* Main.storyboard */; };
		58247AD82315B086003E2E12 /* Assets.xcassets in Resources */ = {isa = PBXBuildFile; fileRef = 58247AD72315B086003E2E12 /* Assets.xcassets */; };
		58247ADB2315B086003E2E12 /* LaunchScreen.storyboard in Resources */ = {isa = PBXBuildFile; fileRef = 58247AD92315B086003E2E12 /* LaunchScreen.storyboard */; };
		58247AE62315B087003E2E12 /* Parsing_JSON_LabTests.swift in Sources */ = {isa = PBXBuildFile; fileRef = 58247AE52315B087003E2E12 /* Parsing_JSON_LabTests.swift */; };
		58247AF12315B087003E2E12 /* Parsing_JSON_LabUITests.swift in Sources */ = {isa = PBXBuildFile; fileRef = 58247AF02315B087003E2E12 /* Parsing_JSON_LabUITests.swift */; };
		58247B052315C14B003E2E12 /* weather.json in Resources */ = {isa = PBXBuildFile; fileRef = 58247B042315C14B003E2E12 /* weather.json */; };
		58247B072315C2AA003E2E12 /* users.json in Resources */ = {isa = PBXBuildFile; fileRef = 58247B062315C2AA003E2E12 /* users.json */; };
		58247B092315C40A003E2E12 /* Color.swift in Sources */ = {isa = PBXBuildFile; fileRef = 58247B082315C40A003E2E12 /* Color.swift */; };
		58247B0B2315CC27003E2E12 /* colors.json in Resources */ = {isa = PBXBuildFile; fileRef = 58247B0A2315CC27003E2E12 /* colors.json */; };
		58247B0D2315CDF6003E2E12 /* Weather.swift in Sources */ = {isa = PBXBuildFile; fileRef = 58247B0C2315CDF6003E2E12 /* Weather.swift */; };
		58247B0F2315D520003E2E12 /* User.swift in Sources */ = {isa = PBXBuildFile; fileRef = 58247B0E2315D520003E2E12 /* User.swift */; };
		58247B112315D782003E2E12 /* error.swift in Sources */ = {isa = PBXBuildFile; fileRef = 58247B102315D782003E2E12 /* error.swift */; };
/* End PBXBuildFile section */

/* Begin PBXContainerItemProxy section */
		58247AE22315B087003E2E12 /* PBXContainerItemProxy */ = {
			isa = PBXContainerItemProxy;
			containerPortal = 58247AC52315B085003E2E12 /* Project object */;
			proxyType = 1;
			remoteGlobalIDString = 58247ACC2315B085003E2E12;
			remoteInfo = "Parsing-JSON-Lab";
		};
		58247AED2315B087003E2E12 /* PBXContainerItemProxy */ = {
			isa = PBXContainerItemProxy;
			containerPortal = 58247AC52315B085003E2E12 /* Project object */;
			proxyType = 1;
			remoteGlobalIDString = 58247ACC2315B085003E2E12;
			remoteInfo = "Parsing-JSON-Lab";
		};
/* End PBXContainerItemProxy section */

/* Begin PBXFileReference section */
		58247ACD2315B085003E2E12 /* Parsing-JSON-Lab.app */ = {isa = PBXFileReference; explicitFileType = wrapper.application; includeInIndex = 0; path = "Parsing-JSON-Lab.app"; sourceTree = BUILT_PRODUCTS_DIR; };
		58247AD02315B085003E2E12 /* AppDelegate.swift */ = {isa = PBXFileReference; lastKnownFileType = sourcecode.swift; path = AppDelegate.swift; sourceTree = "<group>"; };
		58247AD22315B085003E2E12 /* ViewController.swift */ = {isa = PBXFileReference; lastKnownFileType = sourcecode.swift; path = ViewController.swift; sourceTree = "<group>"; };
		58247AD52315B085003E2E12 /* Base */ = {isa = PBXFileReference; lastKnownFileType = file.storyboard; name = Base; path = Base.lproj/Main.storyboard; sourceTree = "<group>"; };
		58247AD72315B086003E2E12 /* Assets.xcassets */ = {isa = PBXFileReference; lastKnownFileType = folder.assetcatalog; path = Assets.xcassets; sourceTree = "<group>"; };
		58247ADA2315B086003E2E12 /* Base */ = {isa = PBXFileReference; lastKnownFileType = file.storyboard; name = Base; path = Base.lproj/LaunchScreen.storyboard; sourceTree = "<group>"; };
		58247ADC2315B086003E2E12 /* Info.plist */ = {isa = PBXFileReference; lastKnownFileType = text.plist.xml; path = Info.plist; sourceTree = "<group>"; };
		58247AE12315B087003E2E12 /* Parsing-JSON-LabTests.xctest */ = {isa = PBXFileReference; explicitFileType = wrapper.cfbundle; includeInIndex = 0; path = "Parsing-JSON-LabTests.xctest"; sourceTree = BUILT_PRODUCTS_DIR; };
		58247AE52315B087003E2E12 /* Parsing_JSON_LabTests.swift */ = {isa = PBXFileReference; lastKnownFileType = sourcecode.swift; path = Parsing_JSON_LabTests.swift; sourceTree = "<group>"; };
		58247AE72315B087003E2E12 /* Info.plist */ = {isa = PBXFileReference; lastKnownFileType = text.plist.xml; path = Info.plist; sourceTree = "<group>"; };
		58247AEC2315B087003E2E12 /* Parsing-JSON-LabUITests.xctest */ = {isa = PBXFileReference; explicitFileType = wrapper.cfbundle; includeInIndex = 0; path = "Parsing-JSON-LabUITests.xctest"; sourceTree = BUILT_PRODUCTS_DIR; };
		58247AF02315B087003E2E12 /* Parsing_JSON_LabUITests.swift */ = {isa = PBXFileReference; lastKnownFileType = sourcecode.swift; path = Parsing_JSON_LabUITests.swift; sourceTree = "<group>"; };
		58247AF22315B087003E2E12 /* Info.plist */ = {isa = PBXFileReference; lastKnownFileType = text.plist.xml; path = Info.plist; sourceTree = "<group>"; };
		58247B042315C14B003E2E12 /* weather.json */ = {isa = PBXFileReference; lastKnownFileType = text.json; path = weather.json; sourceTree = "<group>"; };
		58247B062315C2AA003E2E12 /* users.json */ = {isa = PBXFileReference; lastKnownFileType = text.json; path = users.json; sourceTree = "<group>"; };
		58247B082315C40A003E2E12 /* Color.swift */ = {isa = PBXFileReference; lastKnownFileType = sourcecode.swift; path = Color.swift; sourceTree = "<group>"; };
		58247B0A2315CC27003E2E12 /* colors.json */ = {isa = PBXFileReference; explicitFileType = text.json; path = colors.json; sourceTree = "<group>"; };
		58247B0C2315CDF6003E2E12 /* Weather.swift */ = {isa = PBXFileReference; lastKnownFileType = sourcecode.swift; path = Weather.swift; sourceTree = "<group>"; };
		58247B0E2315D520003E2E12 /* User.swift */ = {isa = PBXFileReference; lastKnownFileType = sourcecode.swift; path = User.swift; sourceTree = "<group>"; };
		58247B102315D782003E2E12 /* error.swift */ = {isa = PBXFileReference; lastKnownFileType = sourcecode.swift; path = error.swift; sourceTree = "<group>"; };
/* End PBXFileReference section */

/* Begin PBXFrameworksBuildPhase section */
		58247ACA2315B085003E2E12 /* Frameworks */ = {
			isa = PBXFrameworksBuildPhase;
			buildActionMask = 2147483647;
			files = (
			);
			runOnlyForDeploymentPostprocessing = 0;
		};
		58247ADE2315B087003E2E12 /* Frameworks */ = {
			isa = PBXFrameworksBuildPhase;
			buildActionMask = 2147483647;
			files = (
			);
			runOnlyForDeploymentPostprocessing = 0;
		};
		58247AE92315B087003E2E12 /* Frameworks */ = {
			isa = PBXFrameworksBuildPhase;
			buildActionMask = 2147483647;
			files = (
			);
			runOnlyForDeploymentPostprocessing = 0;
		};
/* End PBXFrameworksBuildPhase section */

/* Begin PBXGroup section */
		58247AC42315B085003E2E12 = {
			isa = PBXGroup;
			children = (
				58247ACF2315B085003E2E12 /* Parsing-JSON-Lab */,
				58247AE42315B087003E2E12 /* Parsing-JSON-LabTests */,
				58247AEF2315B087003E2E12 /* Parsing-JSON-LabUITests */,
				58247ACE2315B085003E2E12 /* Products */,
			);
			sourceTree = "<group>";
		};
		58247ACE2315B085003E2E12 /* Products */ = {
			isa = PBXGroup;
			children = (
				58247ACD2315B085003E2E12 /* Parsing-JSON-Lab.app */,
				58247AE12315B087003E2E12 /* Parsing-JSON-LabTests.xctest */,
				58247AEC2315B087003E2E12 /* Parsing-JSON-LabUITests.xctest */,
			);
			name = Products;
			sourceTree = "<group>";
		};
		58247ACF2315B085003E2E12 /* Parsing-JSON-Lab */ = {
			isa = PBXGroup;
			children = (
				58247AD02315B085003E2E12 /* AppDelegate.swift */,
				58247B062315C2AA003E2E12 /* users.json */,
				58247B102315D782003E2E12 /* error.swift */,
				58247B0E2315D520003E2E12 /* User.swift */,
				58247B082315C40A003E2E12 /* Color.swift */,
				58247B0A2315CC27003E2E12 /* colors.json */,
				58247B042315C14B003E2E12 /* weather.json */,
				58247AD22315B085003E2E12 /* ViewController.swift */,
				58247AD42315B085003E2E12 /* Main.storyboard */,
				58247B0C2315CDF6003E2E12 /* Weather.swift */,
				58247AD72315B086003E2E12 /* Assets.xcassets */,
				58247AD92315B086003E2E12 /* LaunchScreen.storyboard */,
				58247ADC2315B086003E2E12 /* Info.plist */,
			);
			path = "Parsing-JSON-Lab";
			sourceTree = "<group>";
		};
		58247AE42315B087003E2E12 /* Parsing-JSON-LabTests */ = {
			isa = PBXGroup;
			children = (
				58247AE52315B087003E2E12 /* Parsing_JSON_LabTests.swift */,
				58247AE72315B087003E2E12 /* Info.plist */,
			);
			path = "Parsing-JSON-LabTests";
			sourceTree = "<group>";
		};
		58247AEF2315B087003E2E12 /* Parsing-JSON-LabUITests */ = {
			isa = PBXGroup;
			children = (
				58247AF02315B087003E2E12 /* Parsing_JSON_LabUITests.swift */,
				58247AF22315B087003E2E12 /* Info.plist */,
			);
			path = "Parsing-JSON-LabUITests";
			sourceTree = "<group>";
		};
/* End PBXGroup section */

/* Begin PBXNativeTarget section */
		58247ACC2315B085003E2E12 /* Parsing-JSON-Lab */ = {
			isa = PBXNativeTarget;
			buildConfigurationList = 58247AF52315B087003E2E12 /* Build configuration list for PBXNativeTarget "Parsing-JSON-Lab" */;
			buildPhases = (
				58247AC92315B085003E2E12 /* Sources */,
				58247ACA2315B085003E2E12 /* Frameworks */,
				58247ACB2315B085003E2E12 /* Resources */,
			);
			buildRules = (
			);
			dependencies = (
			);
			name = "Parsing-JSON-Lab";
			productName = "Parsing-JSON-Lab";
			productReference = 58247ACD2315B085003E2E12 /* Parsing-JSON-Lab.app */;
			productType = "com.apple.product-type.application";
		};
		58247AE02315B087003E2E12 /* Parsing-JSON-LabTests */ = {
			isa = PBXNativeTarget;
			buildConfigurationList = 58247AF82315B087003E2E12 /* Build configuration list for PBXNativeTarget "Parsing-JSON-LabTests" */;
			buildPhases = (
				58247ADD2315B087003E2E12 /* Sources */,
				58247ADE2315B087003E2E12 /* Frameworks */,
				58247ADF2315B087003E2E12 /* Resources */,
			);
			buildRules = (
			);
			dependencies = (
				58247AE32315B087003E2E12 /* PBXTargetDependency */,
			);
			name = "Parsing-JSON-LabTests";
			productName = "Parsing-JSON-LabTests";
			productReference = 58247AE12315B087003E2E12 /* Parsing-JSON-LabTests.xctest */;
			productType = "com.apple.product-type.bundle.unit-test";
		};
		58247AEB2315B087003E2E12 /* Parsing-JSON-LabUITests */ = {
			isa = PBXNativeTarget;
			buildConfigurationList = 58247AFB2315B087003E2E12 /* Build configuration list for PBXNativeTarget "Parsing-JSON-LabUITests" */;
			buildPhases = (
				58247AE82315B087003E2E12 /* Sources */,
				58247AE92315B087003E2E12 /* Frameworks */,
				58247AEA2315B087003E2E12 /* Resources */,
			);
			buildRules = (
			);
			dependencies = (
				58247AEE2315B087003E2E12 /* PBXTargetDependency */,
			);
			name = "Parsing-JSON-LabUITests";
			productName = "Parsing-JSON-LabUITests";
			productReference = 58247AEC2315B087003E2E12 /* Parsing-JSON-LabUITests.xctest */;
			productType = "com.apple.product-type.bundle.ui-testing";
		};
/* End PBXNativeTarget section */

/* Begin PBXProject section */
		58247AC52315B085003E2E12 /* Project object */ = {
			isa = PBXProject;
			attributes = {
				LastSwiftUpdateCheck = 1030;
				LastUpgradeCheck = 1030;
				ORGANIZATIONNAME = "Mariel Hoepelman";
				TargetAttributes = {
					58247ACC2315B085003E2E12 = {
						CreatedOnToolsVersion = 10.3;
					};
					58247AE02315B087003E2E12 = {
						CreatedOnToolsVersion = 10.3;
						TestTargetID = 58247ACC2315B085003E2E12;
					};
					58247AEB2315B087003E2E12 = {
						CreatedOnToolsVersion = 10.3;
						TestTargetID = 58247ACC2315B085003E2E12;
					};
				};
			};
			buildConfigurationList = 58247AC82315B085003E2E12 /* Build configuration list for PBXProject "Parsing-JSON-Lab" */;
			compatibilityVersion = "Xcode 9.3";
			developmentRegion = en;
			hasScannedForEncodings = 0;
			knownRegions = (
				en,
				Base,
			);
			mainGroup = 58247AC42315B085003E2E12;
			productRefGroup = 58247ACE2315B085003E2E12 /* Products */;
			projectDirPath = "";
			projectRoot = "";
			targets = (
				58247ACC2315B085003E2E12 /* Parsing-JSON-Lab */,
				58247AE02315B087003E2E12 /* Parsing-JSON-LabTests */,
				58247AEB2315B087003E2E12 /* Parsing-JSON-LabUITests */,
			);
		};
/* End PBXProject section */

/* Begin PBXResourcesBuildPhase section */
		58247ACB2315B085003E2E12 /* Resources */ = {
			isa = PBXResourcesBuildPhase;
			buildActionMask = 2147483647;
			files = (
				58247B072315C2AA003E2E12 /* users.json in Resources */,
				58247B052315C14B003E2E12 /* weather.json in Resources */,
				58247ADB2315B086003E2E12 /* LaunchScreen.storyboard in Resources */,
				58247B0B2315CC27003E2E12 /* colors.json in Resources */,
				58247AD82315B086003E2E12 /* Assets.xcassets in Resources */,
				58247AD62315B085003E2E12 /* Main.storyboard in Resources */,
			);
			runOnlyForDeploymentPostprocessing = 0;
		};
		58247ADF2315B087003E2E12 /* Resources */ = {
			isa = PBXResourcesBuildPhase;
			buildActionMask = 2147483647;
			files = (
			);
			runOnlyForDeploymentPostprocessing = 0;
		};
		58247AEA2315B087003E2E12 /* Resources */ = {
			isa = PBXResourcesBuildPhase;
			buildActionMask = 2147483647;
			files = (
			);
			runOnlyForDeploymentPostprocessing = 0;
		};
/* End PBXResourcesBuildPhase section */

/* Begin PBXSourcesBuildPhase section */
		58247AC92315B085003E2E12 /* Sources */ = {
			isa = PBXSourcesBuildPhase;
			buildActionMask = 2147483647;
			files = (
				58247B0D2315CDF6003E2E12 /* Weather.swift in Sources */,
				58247AD32315B085003E2E12 /* ViewController.swift in Sources */,
				58247AD12315B085003E2E12 /* AppDelegate.swift in Sources */,
				58247B0F2315D520003E2E12 /* User.swift in Sources */,
				58247B112315D782003E2E12 /* error.swift in Sources */,
				58247B092315C40A003E2E12 /* Color.swift in Sources */,
			);
			runOnlyForDeploymentPostprocessing = 0;
		};
		58247ADD2315B087003E2E12 /* Sources */ = {
			isa = PBXSourcesBuildPhase;
			buildActionMask = 2147483647;
			files = (
				58247AE62315B087003E2E12 /* Parsing_JSON_LabTests.swift in Sources */,
			);
			runOnlyForDeploymentPostprocessing = 0;
		};
		58247AE82315B087003E2E12 /* Sources */ = {
			isa = PBXSourcesBuildPhase;
			buildActionMask = 2147483647;
			files = (
				58247AF12315B087003E2E12 /* Parsing_JSON_LabUITests.swift in Sources */,
			);
			runOnlyForDeploymentPostprocessing = 0;
		};
/* End PBXSourcesBuildPhase section */

/* Begin PBXTargetDependency section */
		58247AE32315B087003E2E12 /* PBXTargetDependency */ = {
			isa = PBXTargetDependency;
			target = 58247ACC2315B085003E2E12 /* Parsing-JSON-Lab */;
			targetProxy = 58247AE22315B087003E2E12 /* PBXContainerItemProxy */;
		};
		58247AEE2315B087003E2E12 /* PBXTargetDependency */ = {
			isa = PBXTargetDependency;
			target = 58247ACC2315B085003E2E12 /* Parsing-JSON-Lab */;
			targetProxy = 58247AED2315B087003E2E12 /* PBXContainerItemProxy */;
		};
/* End PBXTargetDependency section */

/* Begin PBXVariantGroup section */
		58247AD42315B085003E2E12 /* Main.storyboard */ = {
			isa = PBXVariantGroup;
			children = (
				58247AD52315B085003E2E12 /* Base */,
			);
			name = Main.storyboard;
			sourceTree = "<group>";
		};
		58247AD92315B086003E2E12 /* LaunchScreen.storyboard */ = {
			isa = PBXVariantGroup;
			children = (
				58247ADA2315B086003E2E12 /* Base */,
			);
			name = LaunchScreen.storyboard;
			sourceTree = "<group>";
		};
/* End PBXVariantGroup section */

/* Begin XCBuildConfiguration section */
		58247AF32315B087003E2E12 /* Debug */ = {
			isa = XCBuildConfiguration;
			buildSettings = {
				ALWAYS_SEARCH_USER_PATHS = NO;
				CLANG_ANALYZER_NONNULL = YES;
				CLANG_ANALYZER_NUMBER_OBJECT_CONVERSION = YES_AGGRESSIVE;
				CLANG_CXX_LANGUAGE_STANDARD = "gnu++14";
				CLANG_CXX_LIBRARY = "libc++";
				CLANG_ENABLE_MODULES = YES;
				CLANG_ENABLE_OBJC_ARC = YES;
				CLANG_ENABLE_OBJC_WEAK = YES;
				CLANG_WARN_BLOCK_CAPTURE_AUTORELEASING = YES;
				CLANG_WARN_BOOL_CONVERSION = YES;
				CLANG_WARN_COMMA = YES;
				CLANG_WARN_CONSTANT_CONVERSION = YES;
				CLANG_WARN_DEPRECATED_OBJC_IMPLEMENTATIONS = YES;
				CLANG_WARN_DIRECT_OBJC_ISA_USAGE = YES_ERROR;
				CLANG_WARN_DOCUMENTATION_COMMENTS = YES;
				CLANG_WARN_EMPTY_BODY = YES;
				CLANG_WARN_ENUM_CONVERSION = YES;
				CLANG_WARN_INFINITE_RECURSION = YES;
				CLANG_WARN_INT_CONVERSION = YES;
				CLANG_WARN_NON_LITERAL_NULL_CONVERSION = YES;
				CLANG_WARN_OBJC_IMPLICIT_RETAIN_SELF = YES;
				CLANG_WARN_OBJC_LITERAL_CONVERSION = YES;
				CLANG_WARN_OBJC_ROOT_CLASS = YES_ERROR;
				CLANG_WARN_RANGE_LOOP_ANALYSIS = YES;
				CLANG_WARN_STRICT_PROTOTYPES = YES;
				CLANG_WARN_SUSPICIOUS_MOVE = YES;
				CLANG_WARN_UNGUARDED_AVAILABILITY = YES_AGGRESSIVE;
				CLANG_WARN_UNREACHABLE_CODE = YES;
				CLANG_WARN__DUPLICATE_METHOD_MATCH = YES;
				CODE_SIGN_IDENTITY = "iPhone Developer";
				COPY_PHASE_STRIP = NO;
				DEBUG_INFORMATION_FORMAT = dwarf;
				ENABLE_STRICT_OBJC_MSGSEND = YES;
				ENABLE_TESTABILITY = YES;
				GCC_C_LANGUAGE_STANDARD = gnu11;
				GCC_DYNAMIC_NO_PIC = NO;
				GCC_NO_COMMON_BLOCKS = YES;
				GCC_OPTIMIZATION_LEVEL = 0;
				GCC_PREPROCESSOR_DEFINITIONS = (
					"DEBUG=1",
					"$(inherited)",
				);
				GCC_WARN_64_TO_32_BIT_CONVERSION = YES;
				GCC_WARN_ABOUT_RETURN_TYPE = YES_ERROR;
				GCC_WARN_UNDECLARED_SELECTOR = YES;
				GCC_WARN_UNINITIALIZED_AUTOS = YES_AGGRESSIVE;
				GCC_WARN_UNUSED_FUNCTION = YES;
				GCC_WARN_UNUSED_VARIABLE = YES;
				IPHONEOS_DEPLOYMENT_TARGET = 12.4;
				MTL_ENABLE_DEBUG_INFO = INCLUDE_SOURCE;
				MTL_FAST_MATH = YES;
				ONLY_ACTIVE_ARCH = YES;
				SDKROOT = iphoneos;
				SWIFT_ACTIVE_COMPILATION_CONDITIONS = DEBUG;
				SWIFT_OPTIMIZATION_LEVEL = "-Onone";
			};
			name = Debug;
		};
		58247AF42315B087003E2E12 /* Release */ = {
			isa = XCBuildConfiguration;
			buildSettings = {
				ALWAYS_SEARCH_USER_PATHS = NO;
				CLANG_ANALYZER_NONNULL = YES;
				CLANG_ANALYZER_NUMBER_OBJECT_CONVERSION = YES_AGGRESSIVE;
				CLANG_CXX_LANGUAGE_STANDARD = "gnu++14";
				CLANG_CXX_LIBRARY = "libc++";
				CLANG_ENABLE_MODULES = YES;
				CLANG_ENABLE_OBJC_ARC = YES;
				CLANG_ENABLE_OBJC_WEAK = YES;
				CLANG_WARN_BLOCK_CAPTURE_AUTORELEASING = YES;
				CLANG_WARN_BOOL_CONVERSION = YES;
				CLANG_WARN_COMMA = YES;
				CLANG_WARN_CONSTANT_CONVERSION = YES;
				CLANG_WARN_DEPRECATED_OBJC_IMPLEMENTATIONS = YES;
				CLANG_WARN_DIRECT_OBJC_ISA_USAGE = YES_ERROR;
				CLANG_WARN_DOCUMENTATION_COMMENTS = YES;
				CLANG_WARN_EMPTY_BODY = YES;
				CLANG_WARN_ENUM_CONVERSION = YES;
				CLANG_WARN_INFINITE_RECURSION = YES;
				CLANG_WARN_INT_CONVERSION = YES;
				CLANG_WARN_NON_LITERAL_NULL_CONVERSION = YES;
				CLANG_WARN_OBJC_IMPLICIT_RETAIN_SELF = YES;
				CLANG_WARN_OBJC_LITERAL_CONVERSION = YES;
				CLANG_WARN_OBJC_ROOT_CLASS = YES_ERROR;
				CLANG_WARN_RANGE_LOOP_ANALYSIS = YES;
				CLANG_WARN_STRICT_PROTOTYPES = YES;
				CLANG_WARN_SUSPICIOUS_MOVE = YES;
				CLANG_WARN_UNGUARDED_AVAILABILITY = YES_AGGRESSIVE;
				CLANG_WARN_UNREACHABLE_CODE = YES;
				CLANG_WARN__DUPLICATE_METHOD_MATCH = YES;
				CODE_SIGN_IDENTITY = "iPhone Developer";
				COPY_PHASE_STRIP = NO;
				DEBUG_INFORMATION_FORMAT = "dwarf-with-dsym";
				ENABLE_NS_ASSERTIONS = NO;
				ENABLE_STRICT_OBJC_MSGSEND = YES;
				GCC_C_LANGUAGE_STANDARD = gnu11;
				GCC_NO_COMMON_BLOCKS = YES;
				GCC_WARN_64_TO_32_BIT_CONVERSION = YES;
				GCC_WARN_ABOUT_RETURN_TYPE = YES_ERROR;
				GCC_WARN_UNDECLARED_SELECTOR = YES;
				GCC_WARN_UNINITIALIZED_AUTOS = YES_AGGRESSIVE;
				GCC_WARN_UNUSED_FUNCTION = YES;
				GCC_WARN_UNUSED_VARIABLE = YES;
				IPHONEOS_DEPLOYMENT_TARGET = 12.4;
				MTL_ENABLE_DEBUG_INFO = NO;
				MTL_FAST_MATH = YES;
				SDKROOT = iphoneos;
				SWIFT_COMPILATION_MODE = wholemodule;
				SWIFT_OPTIMIZATION_LEVEL = "-O";
				VALIDATE_PRODUCT = YES;
			};
			name = Release;
		};
		58247AF62315B087003E2E12 /* Debug */ = {
			isa = XCBuildConfiguration;
			buildSettings = {
				ASSETCATALOG_COMPILER_APPICON_NAME = AppIcon;
				CODE_SIGN_STYLE = Automatic;
				DEVELOPMENT_TEAM = 78B3ZP3548;
				INFOPLIST_FILE = "Parsing-JSON-Lab/Info.plist";
				LD_RUNPATH_SEARCH_PATHS = (
					"$(inherited)",
					"@executable_path/Frameworks",
				);
				PRODUCT_BUNDLE_IDENTIFIER = "MJHJ.Parsing-JSON-Lab";
				PRODUCT_NAME = "$(TARGET_NAME)";
				SWIFT_VERSION = 5.0;
				TARGETED_DEVICE_FAMILY = "1,2";
			};
			name = Debug;
		};
		58247AF72315B087003E2E12 /* Release */ = {
			isa = XCBuildConfiguration;
			buildSettings = {
				ASSETCATALOG_COMPILER_APPICON_NAME = AppIcon;
				CODE_SIGN_STYLE = Automatic;
				DEVELOPMENT_TEAM = 78B3ZP3548;
				INFOPLIST_FILE = "Parsing-JSON-Lab/Info.plist";
				LD_RUNPATH_SEARCH_PATHS = (
					"$(inherited)",
					"@executable_path/Frameworks",
				);
				PRODUCT_BUNDLE_IDENTIFIER = "MJHJ.Parsing-JSON-Lab";
				PRODUCT_NAME = "$(TARGET_NAME)";
				SWIFT_VERSION = 5.0;
				TARGETED_DEVICE_FAMILY = "1,2";
			};
			name = Release;
		};
		58247AF92315B087003E2E12 /* Debug */ = {
			isa = XCBuildConfiguration;
			buildSettings = {
				ALWAYS_EMBED_SWIFT_STANDARD_LIBRARIES = YES;
				BUNDLE_LOADER = "$(TEST_HOST)";
				CODE_SIGN_STYLE = Automatic;
				DEVELOPMENT_TEAM = 78B3ZP3548;
				INFOPLIST_FILE = "Parsing-JSON-LabTests/Info.plist";
				LD_RUNPATH_SEARCH_PATHS = (
					"$(inherited)",
					"@executable_path/Frameworks",
					"@loader_path/Frameworks",
				);
				PRODUCT_BUNDLE_IDENTIFIER = "MJHJ.Parsing-JSON-LabTests";
				PRODUCT_NAME = "$(TARGET_NAME)";
				SWIFT_VERSION = 5.0;
				TARGETED_DEVICE_FAMILY = "1,2";
				TEST_HOST = "$(BUILT_PRODUCTS_DIR)/Parsing-JSON-Lab.app/Parsing-JSON-Lab";
			};
			name = Debug;
		};
		58247AFA2315B087003E2E12 /* Release */ = {
			isa = XCBuildConfiguration;
			buildSettings = {
				ALWAYS_EMBED_SWIFT_STANDARD_LIBRARIES = YES;
				BUNDLE_LOADER = "$(TEST_HOST)";
				CODE_SIGN_STYLE = Automatic;
				DEVELOPMENT_TEAM = 78B3ZP3548;
				INFOPLIST_FILE = "Parsing-JSON-LabTests/Info.plist";
				LD_RUNPATH_SEARCH_PATHS = (
					"$(inherited)",
					"@executable_path/Frameworks",
					"@loader_path/Frameworks",
				);
				PRODUCT_BUNDLE_IDENTIFIER = "MJHJ.Parsing-JSON-LabTests";
				PRODUCT_NAME = "$(TARGET_NAME)";
				SWIFT_VERSION = 5.0;
				TARGETED_DEVICE_FAMILY = "1,2";
				TEST_HOST = "$(BUILT_PRODUCTS_DIR)/Parsing-JSON-Lab.app/Parsing-JSON-Lab";
			};
			name = Release;
		};
		58247AFC2315B087003E2E12 /* Debug */ = {
			isa = XCBuildConfiguration;
			buildSettings = {
				ALWAYS_EMBED_SWIFT_STANDARD_LIBRARIES = YES;
				CODE_SIGN_STYLE = Automatic;
				DEVELOPMENT_TEAM = 78B3ZP3548;
				INFOPLIST_FILE = "Parsing-JSON-LabUITests/Info.plist";
				LD_RUNPATH_SEARCH_PATHS = (
					"$(inherited)",
					"@executable_path/Frameworks",
					"@loader_path/Frameworks",
				);
				PRODUCT_BUNDLE_IDENTIFIER = "MJHJ.Parsing-JSON-LabUITests";
				PRODUCT_NAME = "$(TARGET_NAME)";
				SWIFT_VERSION = 5.0;
				TARGETED_DEVICE_FAMILY = "1,2";
				TEST_TARGET_NAME = "Parsing-JSON-Lab";
			};
			name = Debug;
		};
		58247AFD2315B087003E2E12 /* Release */ = {
			isa = XCBuildConfiguration;
			buildSettings = {
				ALWAYS_EMBED_SWIFT_STANDARD_LIBRARIES = YES;
				CODE_SIGN_STYLE = Automatic;
				DEVELOPMENT_TEAM = 78B3ZP3548;
				INFOPLIST_FILE = "Parsing-JSON-LabUITests/Info.plist";
				LD_RUNPATH_SEARCH_PATHS = (
					"$(inherited)",
					"@executable_path/Frameworks",
					"@loader_path/Frameworks",
				);
				PRODUCT_BUNDLE_IDENTIFIER = "MJHJ.Parsing-JSON-LabUITests";
				PRODUCT_NAME = "$(TARGET_NAME)";
				SWIFT_VERSION = 5.0;
				TARGETED_DEVICE_FAMILY = "1,2";
				TEST_TARGET_NAME = "Parsing-JSON-Lab";
			};
			name = Release;
		};
/* End XCBuildConfiguration section */

/* Begin XCConfigurationList section */
		58247AC82315B085003E2E12 /* Build configuration list for PBXProject "Parsing-JSON-Lab" */ = {
			isa = XCConfigurationList;
			buildConfigurations = (
				58247AF32315B087003E2E12 /* Debug */,
				58247AF42315B087003E2E12 /* Release */,
			);
			defaultConfigurationIsVisible = 0;
			defaultConfigurationName = Release;
		};
		58247AF52315B087003E2E12 /* Build configuration list for PBXNativeTarget "Parsing-JSON-Lab" */ = {
			isa = XCConfigurationList;
			buildConfigurations = (
				58247AF62315B087003E2E12 /* Debug */,
				58247AF72315B087003E2E12 /* Release */,
			);
			defaultConfigurationIsVisible = 0;
			defaultConfigurationName = Release;
		};
		58247AF82315B087003E2E12 /* Build configuration list for PBXNativeTarget "Parsing-JSON-LabTests" */ = {
			isa = XCConfigurationList;
			buildConfigurations = (
				58247AF92315B087003E2E12 /* Debug */,
				58247AFA2315B087003E2E12 /* Release */,
			);
			defaultConfigurationIsVisible = 0;
			defaultConfigurationName = Release;
		};
		58247AFB2315B087003E2E12 /* Build configuration list for PBXNativeTarget "Parsing-JSON-LabUITests" */ = {
			isa = XCConfigurationList;
			buildConfigurations = (
				58247AFC2315B087003E2E12 /* Debug */,
				58247AFD2315B087003E2E12 /* Release */,
			);
			defaultConfigurationIsVisible = 0;
			defaultConfigurationName = Release;
		};
/* End XCConfigurationList section */
	};
	rootObject = 58247AC52315B085003E2E12 /* Project object */;
}
